
Microsoft Visual Studio Solution File, Format Version 12.00
Project("{FAE04EC0-301F-11D3-BF4B-00C04F79EFBC}") = "VShop", "VShop\VShop.csproj", "{4DC32FD8-9674-4E0C-9E2E-6C8E5E5A01C7}"
EndProject
Project("{FAE04EC0-301F-11D3-BF4B-00C04F79EFBC}") = "Common", "Common\Common.csproj", "{D087485F-4C6A-44EE-ADFB-CF7360A59D59}"
EndProject
Global
	GlobalSection(SolutionConfigurationPlatforms) = preSolution
		Debug|Any CPU = Debug|Any CPU
		Release|Any CPU = Release|Any CPU
	EndGlobalSection
	GlobalSection(ProjectConfigurationPlatforms) = postSolution
		{4DC32FD8-9674-4E0C-9E2E-6C8E5E5A01C7}.Debug|Any CPU.ActiveCfg = Debug|Any CPU
		{4DC32FD8-9674-4E0C-9E2E-6C8E5E5A01C7}.Debug|Any CPU.Build.0 = Debug|Any CPU
		{4DC32FD8-9674-4E0C-9E2E-6C8E5E5A01C7}.Release|Any CPU.ActiveCfg = Release|Any CPU
		{4DC32FD8-9674-4E0C-9E2E-6C8E5E5A01C7}.Release|Any CPU.Build.0 = Release|Any CPU
		{D087485F-4C6A-44EE-ADFB-CF7360A59D59}.Debug|Any CPU.ActiveCfg = Debug|Any CPU
		{D087485F-4C6A-44EE-ADFB-CF7360A59D59}.Debug|Any CPU.Build.0 = Debug|Any CPU
		{D087485F-4C6A-44EE-ADFB-CF7360A59D59}.Release|Any CPU.ActiveCfg = Release|Any CPU
		{D087485F-4C6A-44EE-ADFB-CF7360A59D59}.Release|Any CPU.Build.0 = Release|Any CPU
	EndGlobalSection
EndGlobal
